
Microsoft Visual Studio Solution File, Format Version 12.00
# Visual Studio Version 17
VisualStudioVersion = 17.11.35219.272
MinimumVisualStudioVersion = 10.0.40219.1
Project("{FAE04EC0-301F-11D3-BF4B-00C04F79EFBC}") = "SALT", "SALT\SALT.csproj", "{F1CF52DC-D949-4344-A428-747C57DE4278}"
EndProject
Global
	GlobalSection(SolutionConfigurationPlatforms) = preSolution
		Debug|Any CPU = Debug|Any CPU
		Release|Any CPU = Release|Any CPU
	EndGlobalSection
	GlobalSection(ProjectConfigurationPlatforms) = postSolution
		{F1CF52DC-D949-4344-A428-747C57DE4278}.Debug|Any CPU.ActiveCfg = Debug|Any CPU
		{F1CF52DC-D949-4344-A428-747C57DE4278}.Debug|Any CPU.Build.0 = Debug|Any CPU
		{F1CF52DC-D949-4344-A428-747C57DE4278}.Release|Any CPU.ActiveCfg = Release|Any CPU
		{F1CF52DC-D949-4344-A428-747C57DE4278}.Release|Any CPU.Build.0 = Release|Any CPU
	EndGlobalSection
	GlobalSection(SolutionProperties) = preSolution
		HideSolutionNode = FALSE
	EndGlobalSection
	GlobalSection(ExtensibilityGlobals) = postSolution
		SolutionGuid = {7A752A22-A628-4F7A-9EBB-ECFC55F496BB}
	EndGlobalSection
EndGlobal
